
Microsoft Visual Studio Solution File, Format Version 12.00
# Visual Studio 15
VisualStudioVersion = 15.0.28307.902
MinimumVisualStudioVersion = 10.0.40219.1
Project("{FAE04EC0-301F-11D3-BF4B-00C04F79EFBC}") = "FileTransceiver", "FileTransceiver\FileTransceiver.csproj", "{7CBB1FD4-56E0-4434-99BE-34A5E5981771}"
EndProject
Global
	GlobalSection(SolutionConfigurationPlatforms) = preSolution
		Debug|Any CPU = Debug|Any CPU
		Release|Any CPU = Release|Any CPU
	EndGlobalSection
	GlobalSection(ProjectConfigurationPlatforms) = postSolution
		{7CBB1FD4-56E0-4434-99BE-34A5E5981771}.Debug|Any CPU.ActiveCfg = Debug|Any CPU
		{7CBB1FD4-56E0-4434-99BE-34A5E5981771}.Debug|Any CPU.Build.0 = Debug|Any CPU
		{7CBB1FD4-56E0-4434-99BE-34A5E5981771}.Release|Any CPU.ActiveCfg = Release|Any CPU
		{7CBB1FD4-56E0-4434-99BE-34A5E5981771}.Release|Any CPU.Build.0 = Release|Any CPU
	EndGlobalSection
	GlobalSection(SolutionProperties) = preSolution
		HideSolutionNode = FALSE
	EndGlobalSection
	GlobalSection(ExtensibilityGlobals) = postSolution
		SolutionGuid = {0C88DC1A-5A0E-42F6-B0DD-830A1E2C004F}
	EndGlobalSection
EndGlobal
